
Microsoft Visual Studio Solution File, Format Version 12.00
# Visual Studio Version 16
VisualStudioVersion = 16.0.31105.61
MinimumVisualStudioVersion = 10.0.40219.1
Project("{FAE04EC0-301F-11D3-BF4B-00C04F79EFBC}") = "Deliverable1", "Deliverable1\Deliverable1.csproj", "{5936EC4D-B723-418E-9AC4-4A549BF403B8}"
EndProject
Global
	GlobalSection(SolutionConfigurationPlatforms) = preSolution
		Debug|Any CPU = Debug|Any CPU
		Release|Any CPU = Release|Any CPU
	EndGlobalSection
	GlobalSection(ProjectConfigurationPlatforms) = postSolution
		{5936EC4D-B723-418E-9AC4-4A549BF403B8}.Debug|Any CPU.ActiveCfg = Debug|Any CPU
		{5936EC4D-B723-418E-9AC4-4A549BF403B8}.Debug|Any CPU.Build.0 = Debug|Any CPU
		{5936EC4D-B723-418E-9AC4-4A549BF403B8}.Release|Any CPU.ActiveCfg = Release|Any CPU
		{5936EC4D-B723-418E-9AC4-4A549BF403B8}.Release|Any CPU.Build.0 = Release|Any CPU
	EndGlobalSection
	GlobalSection(SolutionProperties) = preSolution
		HideSolutionNode = FALSE
	EndGlobalSection
	GlobalSection(ExtensibilityGlobals) = postSolution
		SolutionGuid = {405A6F9C-84B2-459F-AFA1-83486466E729}
	EndGlobalSection
EndGlobal
